
Microsoft Visual Studio Solution File, Format Version 12.00
# Visual Studio Version 17
VisualStudioVersion = 17.8.34525.116
MinimumVisualStudioVersion = 10.0.40219.1
Project("{FAE04EC0-301F-11D3-BF4B-00C04F79EFBC}") = "ChessPgnMerger", "ChessPgnMerger\ChessPgnMerger.csproj", "{DA7A36C3-97AA-42C1-A0ED-598F08F901F4}"
EndProject
Global
	GlobalSection(SolutionConfigurationPlatforms) = preSolution
		Debug|Any CPU = Debug|Any CPU
		Release|Any CPU = Release|Any CPU
	EndGlobalSection
	GlobalSection(ProjectConfigurationPlatforms) = postSolution
		{DA7A36C3-97AA-42C1-A0ED-598F08F901F4}.Debug|Any CPU.ActiveCfg = Debug|Any CPU
		{DA7A36C3-97AA-42C1-A0ED-598F08F901F4}.Debug|Any CPU.Build.0 = Debug|Any CPU
		{DA7A36C3-97AA-42C1-A0ED-598F08F901F4}.Release|Any CPU.ActiveCfg = Release|Any CPU
		{DA7A36C3-97AA-42C1-A0ED-598F08F901F4}.Release|Any CPU.Build.0 = Release|Any CPU
	EndGlobalSection
	GlobalSection(SolutionProperties) = preSolution
		HideSolutionNode = FALSE
	EndGlobalSection
	GlobalSection(ExtensibilityGlobals) = postSolution
		SolutionGuid = {3D299E68-5ED9-4CF6-9FC1-96C94AECD516}
	EndGlobalSection
EndGlobal
